lockfileVersion: 5.4

specifiers:
  '@vitejs/plugin-vue': ^2.3.1
  vant: ^3.4.8
  vite: ^2.9.5
  vite-plugin-style-import: 1.4.1
  vue: ^3.2.25
  vue-router: '4'

dependencies:
  vant: registry.npmmirror.com/vant/3.4.8_vue@3.2.33
  vue: registry.npmmirror.com/vue/3.2.33
  vue-router: registry.npmmirror.com/vue-router/4.0.14_vue@3.2.33

devDependencies:
  '@vitejs/plugin-vue': registry.npmmirror.com/@vitejs/plugin-vue/2.3.1_vite@2.9.6+vue@3.2.33
  vite: registry.npmmirror.com/vite/2.9.6
  vite-plugin-style-import: registry.npmmirror.com/vite-plugin-style-import/1.4.1_vite@2.9.6

packages:

  registry.npmmirror.com/@babel/parser/7.17.9:
    resolution: {integrity: sha512-vqUSBLP8dQHFPdPi9bc5GK9vRkYHJ49fsZdtoJ8EQ8ibpwk5rPKfvNIwChB0KVXcIjcepEBBd2VHC5r9Gy8ueg==, registry: https://registry.npm.taobao.org/, tarball: https://registry.npmmirror.com/@babel/parser/-/parser-7.17.9.tgz}
    name: '@babel/parser'
    version: 7.17.9
    engines: {node: '>=6.0.0'}
    hasBin: true
    dev: false

  registry.npmmirror.com/@popperjs/core/2.11.5:
    resolution: {integrity: sha512-9X2obfABZuDVLCgPK9aX0a/x4jaOEweTTWE2+9sr0Qqqevj2Uv5XorvusThmc9XGYpS9yI+fhh8RTafBtGposw==, registry: https://registry.npm.taobao.org/, tarball: https://registry.npmmirror.com/@popperjs/core/-/core-2.11.5.tgz}
    name: '@popperjs/core'
    version: 2.11.5
    dev: false

  registry.npmmirror.com/@rollup/pluginutils/4.2.1:
    resolution: {integrity: sha512-iKnFXr7NkdZAIHiIWE+BX5ULi/ucVFYWD6TbAV+rZctiRTY2PL6tsIKhoIOaoskiWAkgu+VsbXgUVDNLHf+InQ==, registry: https://registry.npm.taobao.org/, tarball: https://registry.npmmirror.com/@rollup/pluginutils/-/pluginutils-4.2.1.tgz}
    name: '@rollup/pluginutils'
    version: 4.2.1
    engines: {node: '>= 8.0.0'}
    dependencies:
      estree-walker: registry.npmmirror.com/estree-walker/2.0.2
      picomatch: registry.npmmirror.com/picomatch/2.3.1
    dev: true

  registry.npmmirror.com/@vant/icons/1.8.0:
    resolution: {integrity: sha512-sKfEUo2/CkQFuERxvkuF6mGQZDKu3IQdj5rV9Fm0weJXtchDSSQ+zt8qPCNUEhh9Y8shy5PzxbvAfOOkCwlCXg==, registry: https://registry.npm.taobao.org/, tarball: https://registry.npmmirror.com/@vant/icons/-/icons-1.8.0.tgz}
    name: '@vant/icons'
    version: 1.8.0
    dev: false

  registry.npmmirror.com/@vant/popperjs/1.1.0:
    resolution: {integrity: sha512-8MD1gz146awV/uPxYjz4pet22f7a9YVKqk7T+gFkWFwT9mEcrIUEg/xPrdOnWKLP9puXyYtm7oVfSDSefZ/p/w==, registry: https://registry.npm.taobao.org/, tarball: https://registry.npmmirror.com/@vant/popperjs/-/popperjs-1.1.0.tgz}
    name: '@vant/popperjs'
    version: 1.1.0
    dependencies:
      '@popperjs/core': registry.npmmirror.com/@popperjs/core/2.11.5
    dev: false

  registry.npmmirror.com/@vant/use/1.3.6:
    resolution: {integrity: sha512-3z+nywPaV2F5BdJO7RQxWlgfzJeEOmViD2yHMb7Tg+R4NR/7iQskqW8v2Cnv9FWSJgTOSHlcr7UzeLpiTAP4HA==, registry: https://registry.npm.taobao.org/, tarball: https://registry.npmmirror.com/@vant/use/-/use-1.3.6.tgz}
    name: '@vant/use'
    version: 1.3.6
    dev: false

  registry.npmmirror.com/@vitejs/plugin-vue/2.3.1_vite@2.9.6+vue@3.2.33:
    resolution: {integrity: sha512-YNzBt8+jt6bSwpt7LP890U1UcTOIZZxfpE5WOJ638PNxSEKOqAi0+FSKS0nVeukfdZ0Ai/H7AFd6k3hayfGZqQ==, registry: https://registry.npm.taobao.org/, tarball: https://registry.npmmirror.com/@vitejs/plugin-vue/-/plugin-vue-2.3.1.tgz}
    id: registry.npmmirror.com/@vitejs/plugin-vue/2.3.1
    name: '@vitejs/plugin-vue'
    version: 2.3.1
    engines: {node: '>=12.0.0'}
    peerDependencies:
      vite: ^2.5.10
      vue: ^3.2.25
    dependencies:
      vite: registry.npmmirror.com/vite/2.9.6
      vue: registry.npmmirror.com/vue/3.2.33
    dev: true

  registry.npmmirror.com/@vue/compiler-core/3.2.33:
    resolution: {integrity: sha512-AAmr52ji3Zhk7IKIuigX2osWWsb2nQE5xsdFYjdnmtQ4gymmqXbjLvkSE174+fF3A3kstYrTgGkqgOEbsdLDpw==, registry: https://registry.npm.taobao.org/, tarball: https://registry.npmmirror.com/@vue/compiler-core/-/compiler-core-3.2.33.tgz}
    name: '@vue/compiler-core'
    version: 3.2.33
    dependencies:
      '@babel/parser': registry.npmmirror.com/@babel/parser/7.17.9
      '@vue/shared': registry.npmmirror.com/@vue/shared/3.2.33
      estree-walker: registry.npmmirror.com/estree-walker/2.0.2
      source-map: registry.npmmirror.com/source-map/0.6.1
    dev: false

  registry.npmmirror.com/@vue/compiler-dom/3.2.33:
    resolution: {integrity: sha512-GhiG1C8X98Xz9QUX/RlA6/kgPBWJkjq0Rq6//5XTAGSYrTMBgcLpP9+CnlUg1TFxnnCVughAG+KZl28XJqw8uQ==, registry: https://registry.npm.taobao.org/, tarball: https://registry.npmmirror.com/@vue/compiler-dom/-/compiler-dom-3.2.33.tgz}
    name: '@vue/compiler-dom'
    version: 3.2.33
    dependencies:
      '@vue/compiler-core': registry.npmmirror.com/@vue/compiler-core/3.2.33
      '@vue/shared': registry.npmmirror.com/@vue/shared/3.2.33
    dev: false

  registry.npmmirror.com/@vue/compiler-sfc/3.2.33:
    resolution: {integrity: sha512-H8D0WqagCr295pQjUYyO8P3IejM3vEzeCO1apzByAEaAR/WimhMYczHfZVvlCE/9yBaEu/eu9RdiWr0kF8b71Q==, registry: https://registry.npm.taobao.org/, tarball: https://registry.npmmirror.com/@vue/compiler-sfc/-/compiler-sfc-3.2.33.tgz}
    name: '@vue/compiler-sfc'
    version: 3.2.33
    dependencies:
      '@babel/parser': registry.npmmirror.com/@babel/parser/7.17.9
      '@vue/compiler-core': registry.npmmirror.com/@vue/compiler-core/3.2.33
      '@vue/compiler-dom': registry.npmmirror.com/@vue/compiler-dom/3.2.33
      '@vue/compiler-ssr': registry.npmmirror.com/@vue/compiler-ssr/3.2.33
      '@vue/reactivity-transform': registry.npmmirror.com/@vue/reactivity-transform/3.2.33
      '@vue/shared': registry.npmmirror.com/@vue/shared/3.2.33
      estree-walker: registry.npmmirror.com/estree-walker/2.0.2
      magic-string: registry.npmmirror.com/magic-string/0.25.9
      postcss: registry.npmmirror.com/postcss/8.4.12
      source-map: registry.npmmirror.com/source-map/0.6.1
    dev: false

  registry.npmmirror.com/@vue/compiler-ssr/3.2.33:
    resolution: {integrity: sha512-XQh1Xdk3VquDpXsnoCd7JnMoWec9CfAzQDQsaMcSU79OrrO2PNR0ErlIjm/mGq3GmBfkQjzZACV+7GhfRB8xMQ==, registry: https://registry.npm.taobao.org/, tarball: https://registry.npmmirror.com/@vue/compiler-ssr/-/compiler-ssr-3.2.33.tgz}
    name: '@vue/compiler-ssr'
    version: 3.2.33
    dependencies:
      '@vue/compiler-dom': registry.npmmirror.com/@vue/compiler-dom/3.2.33
      '@vue/shared': registry.npmmirror.com/@vue/shared/3.2.33
    dev: false

  registry.npmmirror.com/@vue/devtools-api/6.1.4:
    resolution: {integrity: sha512-IiA0SvDrJEgXvVxjNkHPFfDx6SXw0b/TUkqMcDZWNg9fnCAHbTpoo59YfJ9QLFkwa3raau5vSlRVzMSLDnfdtQ==, registry: https://registry.npm.taobao.org/, tarball: https://registry.npmmirror.com/@vue/devtools-api/-/devtools-api-6.1.4.tgz}
    name: '@vue/devtools-api'
    version: 6.1.4
    dev: false

  registry.npmmirror.com/@vue/reactivity-transform/3.2.33:
    resolution: {integrity: sha512-4UL5KOIvSQb254aqenW4q34qMXbfZcmEsV/yVidLUgvwYQQ/D21bGX3DlgPUGI3c4C+iOnNmDCkIxkILoX/Pyw==, registry: https://registry.npm.taobao.org/, tarball: https://registry.npmmirror.com/@vue/reactivity-transform/-/reactivity-transform-3.2.33.tgz}
    name: '@vue/reactivity-transform'
    version: 3.2.33
    dependencies:
      '@babel/parser': registry.npmmirror.com/@babel/parser/7.17.9
      '@vue/compiler-core': registry.npmmirror.com/@vue/compiler-core/3.2.33
      '@vue/shared': registry.npmmirror.com/@vue/shared/3.2.33
      estree-walker: registry.npmmirror.com/estree-walker/2.0.2
      magic-string: registry.npmmirror.com/magic-string/0.25.9
    dev: false

  registry.npmmirror.com/@vue/reactivity/3.2.33:
    resolution: {integrity: sha512-62Sq0mp9/0bLmDuxuLD5CIaMG2susFAGARLuZ/5jkU1FCf9EDbwUuF+BO8Ub3Rbodx0ziIecM/NsmyjardBxfQ==, registry: https://registry.npm.taobao.org/, tarball: https://registry.npmmirror.com/@vue/reactivity/-/reactivity-3.2.33.tgz}
    name: '@vue/reactivity'
    version: 3.2.33
    dependencies:
      '@vue/shared': registry.npmmirror.com/@vue/shared/3.2.33
    dev: false

  registry.npmmirror.com/@vue/runtime-core/3.2.33:
    resolution: {integrity: sha512-N2D2vfaXsBPhzCV3JsXQa2NECjxP3eXgZlFqKh4tgakp3iX6LCGv76DLlc+IfFZq+TW10Y8QUfeihXOupJ1dGw==, registry: https://registry.npm.taobao.org/, tarball: https://registry.npmmirror.com/@vue/runtime-core/-/runtime-core-3.2.33.tgz}
    name: '@vue/runtime-core'
    version: 3.2.33
    dependencies:
      '@vue/reactivity': registry.npmmirror.com/@vue/reactivity/3.2.33
      '@vue/shared': registry.npmmirror.com/@vue/shared/3.2.33
    dev: false

  registry.npmmirror.com/@vue/runtime-dom/3.2.33:
    resolution: {integrity: sha512-LSrJ6W7CZTSUygX5s8aFkraDWlO6K4geOwA3quFF2O+hC3QuAMZt/0Xb7JKE3C4JD4pFwCSO7oCrZmZ0BIJUnw==, registry: https://registry.npm.taobao.org/, tarball: https://registry.npmmirror.com/@vue/runtime-dom/-/runtime-dom-3.2.33.tgz}
    name: '@vue/runtime-dom'
    version: 3.2.33
    dependencies:
      '@vue/runtime-core': registry.npmmirror.com/@vue/runtime-core/3.2.33
      '@vue/shared': registry.npmmirror.com/@vue/shared/3.2.33
      csstype: registry.npmmirror.com/csstype/2.6.20
    dev: false

  registry.npmmirror.com/@vue/server-renderer/3.2.33_vue@3.2.33:
    resolution: {integrity: sha512-4jpJHRD4ORv8PlbYi+/MfP8ec1okz6rybe36MdpkDrGIdEItHEUyaHSKvz+ptNEyQpALmmVfRteHkU9F8vxOew==, registry: https://registry.npm.taobao.org/, tarball: https://registry.npmmirror.com/@vue/server-renderer/-/server-renderer-3.2.33.tgz}
    id: registry.npmmirror.com/@vue/server-renderer/3.2.33
    name: '@vue/server-renderer'
    version: 3.2.33
    peerDependencies:
      vue: 3.2.33
    dependencies:
      '@vue/compiler-ssr': registry.npmmirror.com/@vue/compiler-ssr/3.2.33
      '@vue/shared': registry.npmmirror.com/@vue/shared/3.2.33
      vue: registry.npmmirror.com/vue/3.2.33
    dev: false

  registry.npmmirror.com/@vue/shared/3.2.33:
    resolution: {integrity: sha512-UBc1Pg1T3yZ97vsA2ueER0F6GbJebLHYlEi4ou1H5YL4KWvMOOWwpYo9/QpWq93wxKG6Wo13IY74Hcn/f7c7Bg==, registry: https://registry.npm.taobao.org/, tarball: https://registry.npmmirror.com/@vue/shared/-/shared-3.2.33.tgz}
    name: '@vue/shared'
    version: 3.2.33
    dev: false

  registry.npmmirror.com/camel-case/4.1.2:
    resolution: {integrity: sha512-gxGWBrTT1JuMx6R+o5PTXMmUnhnVzLQ9SNutD4YqKtI6ap897t3tKECYla6gCWEkplXnlNybEkZg9GEGxKFCgw==, registry: https://registry.npm.taobao.org/, tarball: https://registry.npmmirror.com/camel-case/-/camel-case-4.1.2.tgz}
    name: camel-case
    version: 4.1.2
    dependencies:
      pascal-case: registry.npmmirror.com/pascal-case/3.1.2
      tslib: registry.npmmirror.com/tslib/2.4.0
    dev: true

  registry.npmmirror.com/capital-case/1.0.4:
    resolution: {integrity: sha512-ds37W8CytHgwnhGGTi88pcPyR15qoNkOpYwmMMfnWqqWgESapLqvDx6huFjQ5vqWSn2Z06173XNA7LtMOeUh1A==, registry: https://registry.npm.taobao.org/, tarball: https://registry.npmmirror.com/capital-case/-/capital-case-1.0.4.tgz}
    name: capital-case
    version: 1.0.4
    dependencies:
      no-case: registry.npmmirror.com/no-case/3.0.4
      tslib: registry.npmmirror.com/tslib/2.4.0
      upper-case-first: registry.npmmirror.com/upper-case-first/2.0.2
    dev: true

  registry.npmmirror.com/change-case/4.1.2:
    resolution: {integrity: sha512-bSxY2ws9OtviILG1EiY5K7NNxkqg/JnRnFxLtKQ96JaviiIxi7djMrSd0ECT9AC+lttClmYwKw53BWpOMblo7A==, registry: https://registry.npm.taobao.org/, tarball: https://registry.npmmirror.com/change-case/-/change-case-4.1.2.tgz}
    name: change-case
    version: 4.1.2
    dependencies:
      camel-case: registry.npmmirror.com/camel-case/4.1.2
      capital-case: registry.npmmirror.com/capital-case/1.0.4
      constant-case: registry.npmmirror.com/constant-case/3.0.4
      dot-case: registry.npmmirror.com/dot-case/3.0.4
      header-case: registry.npmmirror.com/header-case/2.0.4
      no-case: registry.npmmirror.com/no-case/3.0.4
      param-case: registry.npmmirror.com/param-case/3.0.4
      pascal-case: registry.npmmirror.com/pascal-case/3.1.2
      path-case: registry.npmmirror.com/path-case/3.0.4
      sentence-case: registry.npmmirror.com/sentence-case/3.0.4
      snake-case: registry.npmmirror.com/snake-case/3.0.4
      tslib: registry.npmmirror.com/tslib/2.4.0
    dev: true

  registry.npmmirror.com/constant-case/3.0.4:
    resolution: {integrity: sha512-I2hSBi7Vvs7BEuJDr5dDHfzb/Ruj3FyvFyh7KLilAjNQw3Be+xgqUBA2W6scVEcL0hL1dwPRtIqEPVUCKkSsyQ==, registry: https://registry.npm.taobao.org/, tarball: https://registry.npmmirror.com/constant-case/-/constant-case-3.0.4.tgz}
    name: constant-case
    version: 3.0.4
    dependencies:
      no-case: registry.npmmirror.com/no-case/3.0.4
      tslib: registry.npmmirror.com/tslib/2.4.0
      upper-case: registry.npmmirror.com/upper-case/2.0.2
    dev: true

  registry.npmmirror.com/csstype/2.6.20:
    resolution: {integrity: sha512-/WwNkdXfckNgw6S5R125rrW8ez139lBHWouiBvX8dfMFtcn6V81REDqnH7+CRpRipfYlyU1CmOnOxrmGcFOjeA==, registry: https://registry.npm.taobao.org/, tarball: https://registry.npmmirror.com/csstype/-/csstype-2.6.20.tgz}
    name: csstype
    version: 2.6.20
    dev: false

  registry.npmmirror.com/debug/4.3.4:
    resolution: {integrity: sha512-PRWFHuSU3eDtQJPvnNY7Jcket1j0t5OuOsFzPPzsekD52Zl8qUfFIPEiswXqIvHWGVHOgX+7G/vCNNhehwxfkQ==, registry: https://registry.npm.taobao.org/, tarball: https://registry.npmmirror.com/debug/-/debug-4.3.4.tgz}
    name: debug
    version: 4.3.4
    engines: {node: '>=6.0'}
    peerDependencies:
      supports-color: '*'
    peerDependenciesMeta:
      supports-color:
        optional: true
    dependencies:
      ms: registry.npmmirror.com/ms/2.1.2
    dev: true

  registry.npmmirror.com/dot-case/3.0.4:
    resolution: {integrity: sha512-Kv5nKlh6yRrdrGvxeJ2e5y2eRUpkUosIW4A2AS38zwSz27zu7ufDwQPi5Jhs3XAlGNetl3bmnGhQsMtkKJnj3w==, registry: https://registry.npm.taobao.org/, tarball: https://registry.npmmirror.com/dot-case/-/dot-case-3.0.4.tgz}
    name: dot-case
    version: 3.0.4
    dependencies:
      no-case: registry.npmmirror.com/no-case/3.0.4
      tslib: registry.npmmirror.com/tslib/2.4.0
    dev: true

  registry.npmmirror.com/es-module-lexer/0.9.3:
    resolution: {integrity: sha512-1HQ2M2sPtxwnvOvT1ZClHyQDiggdNjURWpY2we6aMKCQiUVxTmVs2UYPLIrD84sS+kMdUwfBSylbJPwNnBrnHQ==, registry: https://registry.npm.taobao.org/, tarball: https://registry.npmmirror.com/es-module-lexer/-/es-module-lexer-0.9.3.tgz}
    name: es-module-lexer
    version: 0.9.3
    dev: true

  registry.npmmirror.com/esbuild-android-64/0.14.38:
    resolution: {integrity: sha512-aRFxR3scRKkbmNuGAK+Gee3+yFxkTJO/cx83Dkyzo4CnQl/2zVSurtG6+G86EQIZ+w+VYngVyK7P3HyTBKu3nw==, registry: https://registry.npm.taobao.org/, tarball: https://registry.npmmirror.com/esbuild-android-64/-/esbuild-android-64-0.14.38.tgz}
    name: esbuild-android-64
    version: 0.14.38
    engines: {node: '>=12'}
    cpu: [x64]
    os: [android]
    requiresBuild: true
    dev: true
    optional: true

  registry.npmmirror.com/esbuild-android-arm64/0.14.38:
    resolution: {integrity: sha512-L2NgQRWuHFI89IIZIlpAcINy9FvBk6xFVZ7xGdOwIm8VyhX1vNCEqUJO3DPSSy945Gzdg98cxtNt8Grv1CsyhA==, registry: https://registry.npm.taobao.org/, tarball: https://registry.npmmirror.com/esbuild-android-arm64/-/esbuild-android-arm64-0.14.38.tgz}
    name: esbuild-android-arm64
    version: 0.14.38
    engines: {node: '>=12'}
    cpu: [arm64]
    os: [android]
    requiresBuild: true
    dev: true
    optional: true

  registry.npmmirror.com/esbuild-darwin-64/0.14.38:
    resolution: {integrity: sha512-5JJvgXkX87Pd1Og0u/NJuO7TSqAikAcQQ74gyJ87bqWRVeouky84ICoV4sN6VV53aTW+NE87qLdGY4QA2S7KNA==, registry: https://registry.npm.taobao.org/, tarball: https://registry.npmmirror.com/esbuild-darwin-64/-/esbuild-darwin-64-0.14.38.tgz}
    name: esbuild-darwin-64
    version: 0.14.38
    engines: {node: '>=12'}
    cpu: [x64]
    os: [darwin]
    requiresBuild: true
    dev: true
    optional: true

  registry.npmmirror.com/esbuild-darwin-arm64/0.14.38:
    resolution: {integrity: sha512-eqF+OejMI3mC5Dlo9Kdq/Ilbki9sQBw3QlHW3wjLmsLh+quNfHmGMp3Ly1eWm981iGBMdbtSS9+LRvR2T8B3eQ==, registry: https://registry.npm.taobao.org/, tarball: https://registry.npmmirror.com/esbuild-darwin-arm64/-/esbuild-darwin-arm64-0.14.38.tgz}
    name: esbuild-darwin-arm64
    version: 0.14.38
    engines: {node: '>=12'}
    cpu: [arm64]
    os: [darwin]
    requiresBuild: true
    dev: true
    optional: true

  registry.npmmirror.com/esbuild-freebsd-64/0.14.38:
    resolution: {integrity: sha512-epnPbhZUt93xV5cgeY36ZxPXDsQeO55DppzsIgWM8vgiG/Rz+qYDLmh5ts3e+Ln1wA9dQ+nZmVHw+RjaW3I5Ig==, registry: https://registry.npm.taobao.org/, tarball: https://registry.npmmirror.com/esbuild-freebsd-64/-/esbuild-freebsd-64-0.14.38.tgz}
    name: esbuild-freebsd-64
    version: 0.14.38
    engines: {node: '>=12'}
    cpu: [x64]
    os: [freebsd]
    requiresBuild: true
    dev: true
    optional: true

  registry.npmmirror.com/esbuild-freebsd-arm64/0.14.38:
    resolution: {integrity: sha512-/9icXUYJWherhk+y5fjPI5yNUdFPtXHQlwP7/K/zg8t8lQdHVj20SqU9/udQmeUo5pDFHMYzcEFfJqgOVeKNNQ==, registry: https://registry.npm.taobao.org/, tarball: https://registry.npmmirror.com/esbuild-freebsd-arm64/-/esbuild-freebsd-arm64-0.14.38.tgz}
    name: esbuild-freebsd-arm64
    version: 0.14.38
    engines: {node: '>=12'}
    cpu: [arm64]
    os: [freebsd]
    requiresBuild: true
    dev: true
    optional: true

  registry.npmmirror.com/esbuild-linux-32/0.14.38:
    resolution: {integrity: sha512-QfgfeNHRFvr2XeHFzP8kOZVnal3QvST3A0cgq32ZrHjSMFTdgXhMhmWdKzRXP/PKcfv3e2OW9tT9PpcjNvaq6g==, registry: https://registry.npm.taobao.org/, tarball: https://registry.npmmirror.com/esbuild-linux-32/-/esbuild-linux-32-0.14.38.tgz}
    name: esbuild-linux-32
    version: 0.14.38
    engines: {node: '>=12'}
    cpu: [ia32]
    os: [linux]
    requiresBuild: true
    dev: true
    optional: true

  registry.npmmirror.com/esbuild-linux-64/0.14.38:
    resolution: {integrity: sha512-uuZHNmqcs+Bj1qiW9k/HZU3FtIHmYiuxZ/6Aa+/KHb/pFKr7R3aVqvxlAudYI9Fw3St0VCPfv7QBpUITSmBR1Q==, registry: https://registry.npm.taobao.org/, tarball: https://registry.npmmirror.com/esbuild-linux-64/-/esbuild-linux-64-0.14.38.tgz}
    name: esbuild-linux-64
    version: 0.14.38
    engines: {node: '>=12'}
    cpu: [x64]
    os: [linux]
    requiresBuild: true
    dev: true
    optional: true

  registry.npmmirror.com/esbuild-linux-arm/0.14.38:
    resolution: {integrity: sha512-FiFvQe8J3VKTDXG01JbvoVRXQ0x6UZwyrU4IaLBZeq39Bsbatd94Fuc3F1RGqPF5RbIWW7RvkVQjn79ejzysnA==, registry: https://registry.npm.taobao.org/, tarball: https://registry.npmmirror.com/esbuild-linux-arm/-/esbuild-linux-arm-0.14.38.tgz}
    name: esbuild-linux-arm
    version: 0.14.38
    engines: {node: '>=12'}
    cpu: [arm]
    os: [linux]
    requiresBuild: true
    dev: true
    optional: true

  registry.npmmirror.com/esbuild-linux-arm64/0.14.38:
    resolution: {integrity: sha512-HlMGZTEsBrXrivr64eZ/EO0NQM8H8DuSENRok9d+Jtvq8hOLzrxfsAT9U94K3KOGk2XgCmkaI2KD8hX7F97lvA==, registry: https://registry.npm.taobao.org/, tarball: https://registry.npmmirror.com/esbuild-linux-arm64/-/esbuild-linux-arm64-0.14.38.tgz}
    name: esbuild-linux-arm64
    version: 0.14.38
    engines: {node: '>=12'}
    cpu: [arm64]
    os: [linux]
    requiresBuild: true
    dev: true
    optional: true

  registry.npmmirror.com/esbuild-linux-mips64le/0.14.38:
    resolution: {integrity: sha512-qd1dLf2v7QBiI5wwfil9j0HG/5YMFBAmMVmdeokbNAMbcg49p25t6IlJFXAeLzogv1AvgaXRXvgFNhScYEUXGQ==, registry: https://registry.npm.taobao.org/, tarball: https://registry.npmmirror.com/esbuild-linux-mips64le/-/esbuild-linux-mips64le-0.14.38.tgz}
    name: esbuild-linux-mips64le
    version: 0.14.38
    engines: {node: '>=12'}
    cpu: [mips64el]
    os: [linux]
    requiresBuild: true
    dev: true
    optional: true

  registry.npmmirror.com/esbuild-linux-ppc64le/0.14.38:
    resolution: {integrity: sha512-mnbEm7o69gTl60jSuK+nn+pRsRHGtDPfzhrqEUXyCl7CTOCLtWN2bhK8bgsdp6J/2NyS/wHBjs1x8aBWwP2X9Q==, registry: https://registry.npm.taobao.org/, tarball: https://registry.npmmirror.com/esbuild-linux-ppc64le/-/esbuild-linux-ppc64le-0.14.38.tgz}
    name: esbuild-linux-ppc64le
    version: 0.14.38
    engines: {node: '>=12'}
    cpu: [ppc64]
    os: [linux]
    requiresBuild: true
    dev: true
    optional: true

  registry.npmmirror.com/esbuild-linux-riscv64/0.14.38:
    resolution: {integrity: sha512-+p6YKYbuV72uikChRk14FSyNJZ4WfYkffj6Af0/Tw63/6TJX6TnIKE+6D3xtEc7DeDth1fjUOEqm+ApKFXbbVQ==, registry: https://registry.npm.taobao.org/, tarball: https://registry.npmmirror.com/esbuild-linux-riscv64/-/esbuild-linux-riscv64-0.14.38.tgz}
    name: esbuild-linux-riscv64
    version: 0.14.38
    engines: {node: '>=12'}
    cpu: [riscv64]
    os: [linux]
    requiresBuild: true
    dev: true
    optional: true

  registry.npmmirror.com/esbuild-linux-s390x/0.14.38:
    resolution: {integrity: sha512-0zUsiDkGJiMHxBQ7JDU8jbaanUY975CdOW1YDrurjrM0vWHfjv9tLQsW9GSyEb/heSK1L5gaweRjzfUVBFoybQ==, registry: https://registry.npm.taobao.org/, tarball: https://registry.npmmirror.com/esbuild-linux-s390x/-/esbuild-linux-s390x-0.14.38.tgz}
    name: esbuild-linux-s390x
    version: 0.14.38
    engines: {node: '>=12'}
    cpu: [s390x]
    os: [linux]
    requiresBuild: true
    dev: true
    optional: true

  registry.npmmirror.com/esbuild-netbsd-64/0.14.38:
    resolution: {integrity: sha512-cljBAApVwkpnJZfnRVThpRBGzCi+a+V9Ofb1fVkKhtrPLDYlHLrSYGtmnoTVWDQdU516qYI8+wOgcGZ4XIZh0Q==, registry: https://registry.npm.taobao.org/, tarball: https://registry.npmmirror.com/esbuild-netbsd-64/-/esbuild-netbsd-64-0.14.38.tgz}
    name: esbuild-netbsd-64
    version: 0.14.38
    engines: {node: '>=12'}
    cpu: [x64]
    os: [netbsd]
    requiresBuild: true
    dev: true
    optional: true

  registry.npmmirror.com/esbuild-openbsd-64/0.14.38:
    resolution: {integrity: sha512-CDswYr2PWPGEPpLDUO50mL3WO/07EMjnZDNKpmaxUPsrW+kVM3LoAqr/CE8UbzugpEiflYqJsGPLirThRB18IQ==, registry: https://registry.npm.taobao.org/, tarball: https://registry.npmmirror.com/esbuild-openbsd-64/-/esbuild-openbsd-64-0.14.38.tgz}
    name: esbuild-openbsd-64
    version: 0.14.38
    engines: {node: '>=12'}
    cpu: [x64]
    os: [openbsd]
    requiresBuild: true
    dev: true
    optional: true

  registry.npmmirror.com/esbuild-sunos-64/0.14.38:
    resolution: {integrity: sha512-2mfIoYW58gKcC3bck0j7lD3RZkqYA7MmujFYmSn9l6TiIcAMpuEvqksO+ntBgbLep/eyjpgdplF7b+4T9VJGOA==, registry: https://registry.npm.taobao.org/, tarball: https://registry.npmmirror.com/esbuild-sunos-64/-/esbuild-sunos-64-0.14.38.tgz}
    name: esbuild-sunos-64
    version: 0.14.38
    engines: {node: '>=12'}
    cpu: [x64]
    os: [sunos]
    requiresBuild: true
    dev: true
    optional: true

  registry.npmmirror.com/esbuild-windows-32/0.14.38:
    resolution: {integrity: sha512-L2BmEeFZATAvU+FJzJiRLFUP+d9RHN+QXpgaOrs2klshoAm1AE6Us4X6fS9k33Uy5SzScn2TpcgecbqJza1Hjw==, registry: https://registry.npm.taobao.org/, tarball: https://registry.npmmirror.com/esbuild-windows-32/-/esbuild-windows-32-0.14.38.tgz}
    name: esbuild-windows-32
    version: 0.14.38
    engines: {node: '>=12'}
    cpu: [ia32]
    os: [win32]
    requiresBuild: true
    dev: true
    optional: true

  registry.npmmirror.com/esbuild-windows-64/0.14.38:
    resolution: {integrity: sha512-Khy4wVmebnzue8aeSXLC+6clo/hRYeNIm0DyikoEqX+3w3rcvrhzpoix0S+MF9vzh6JFskkIGD7Zx47ODJNyCw==, registry: https://registry.npm.taobao.org/, tarball: https://registry.npmmirror.com/esbuild-windows-64/-/esbuild-windows-64-0.14.38.tgz}
    name: esbuild-windows-64
    version: 0.14.38
    engines: {node: '>=12'}
    cpu: [x64]
    os: [win32]
    requiresBuild: true
    dev: true
    optional: true

  registry.npmmirror.com/esbuild-windows-arm64/0.14.38:
    resolution: {integrity: sha512-k3FGCNmHBkqdJXuJszdWciAH77PukEyDsdIryEHn9cKLQFxzhT39dSumeTuggaQcXY57UlmLGIkklWZo2qzHpw==, registry: https://registry.npm.taobao.org/, tarball: https://registry.npmmirror.com/esbuild-windows-arm64/-/esbuild-windows-arm64-0.14.38.tgz}
    name: esbuild-windows-arm64
    version: 0.14.38
    engines: {node: '>=12'}
    cpu: [arm64]
    os: [win32]
    requiresBuild: true
    dev: true
    optional: true

  registry.npmmirror.com/esbuild/0.14.38:
    resolution: {integrity: sha512-12fzJ0fsm7gVZX1YQ1InkOE5f9Tl7cgf6JPYXRJtPIoE0zkWAbHdPHVPPaLi9tYAcEBqheGzqLn/3RdTOyBfcA==, registry: https://registry.npm.taobao.org/, tarball: https://registry.npmmirror.com/esbuild/-/esbuild-0.14.38.tgz}
    name: esbuild
    version: 0.14.38
    engines: {node: '>=12'}
    hasBin: true
    requiresBuild: true
    optionalDependencies:
      esbuild-android-64: registry.npmmirror.com/esbuild-android-64/0.14.38
      esbuild-android-arm64: registry.npmmirror.com/esbuild-android-arm64/0.14.38
      esbuild-darwin-64: registry.npmmirror.com/esbuild-darwin-64/0.14.38
      esbuild-darwin-arm64: registry.npmmirror.com/esbuild-darwin-arm64/0.14.38
      esbuild-freebsd-64: registry.npmmirror.com/esbuild-freebsd-64/0.14.38
      esbuild-freebsd-arm64: registry.npmmirror.com/esbuild-freebsd-arm64/0.14.38
      esbuild-linux-32: registry.npmmirror.com/esbuild-linux-32/0.14.38
      esbuild-linux-64: registry.npmmirror.com/esbuild-linux-64/0.14.38
      esbuild-linux-arm: registry.npmmirror.com/esbuild-linux-arm/0.14.38
      esbuild-linux-arm64: registry.npmmirror.com/esbuild-linux-arm64/0.14.38
      esbuild-linux-mips64le: registry.npmmirror.com/esbuild-linux-mips64le/0.14.38
      esbuild-linux-ppc64le: registry.npmmirror.com/esbuild-linux-ppc64le/0.14.38
      esbuild-linux-riscv64: registry.npmmirror.com/esbuild-linux-riscv64/0.14.38
      esbuild-linux-s390x: registry.npmmirror.com/esbuild-linux-s390x/0.14.38
      esbuild-netbsd-64: registry.npmmirror.com/esbuild-netbsd-64/0.14.38
      esbuild-openbsd-64: registry.npmmirror.com/esbuild-openbsd-64/0.14.38
      esbuild-sunos-64: registry.npmmirror.com/esbuild-sunos-64/0.14.38
      esbuild-windows-32: registry.npmmirror.com/esbuild-windows-32/0.14.38
      esbuild-windows-64: registry.npmmirror.com/esbuild-windows-64/0.14.38
      esbuild-windows-arm64: registry.npmmirror.com/esbuild-windows-arm64/0.14.38
    dev: true

  registry.npmmirror.com/estree-walker/2.0.2:
    resolution: {integrity: sha512-Rfkk/Mp/DL7JVje3u18FxFujQlTNR2q6QfMSMB7AvCBx91NGj/ba3kCfza0f6dVDbw7YlRf/nDrn7pQrCCyQ/w==, registry: https://registry.npm.taobao.org/, tarball: https://registry.npmmirror.com/estree-walker/-/estree-walker-2.0.2.tgz}
    name: estree-walker
    version: 2.0.2

  registry.npmmirror.com/fs-extra/10.1.0:
    resolution: {integrity: sha512-oRXApq54ETRj4eMiFzGnHWGy+zo5raudjuxN0b8H7s/RU2oW0Wvsx9O0ACRN/kRq9E8Vu/ReskGB5o3ji+FzHQ==, registry: https://registry.npm.taobao.org/, tarball: https://registry.npmmirror.com/fs-extra/-/fs-extra-10.1.0.tgz}
    name: fs-extra
    version: 10.1.0
    engines: {node: '>=12'}
    dependencies:
      graceful-fs: registry.npmmirror.com/graceful-fs/4.2.10
      jsonfile: registry.npmmirror.com/jsonfile/6.1.0
      universalify: registry.npmmirror.com/universalify/2.0.0
    dev: true

  registry.npmmirror.com/fsevents/2.3.2:
    resolution: {integrity: sha512-xiqMQR4xAeHTuB9uWm+fFRcIOgKBMiOBP+eXiyT7jsgVCq1bkVygt00oASowB7EdtpOHaaPgKt812P9ab+DDKA==, registry: https://registry.npm.taobao.org/, tarball: https://registry.npmmirror.com/fsevents/-/fsevents-2.3.2.tgz}
    name: fsevents
    version: 2.3.2
    engines: {node: ^8.16.0 || ^10.6.0 || >=11.0.0}
    os: [darwin]
    requiresBuild: true
    dev: true
    optional: true

  registry.npmmirror.com/function-bind/1.1.1:
    resolution: {integrity: sha512-yIovAzMX49sF8Yl58fSCWJ5svSLuaibPxXQJFLmBObTuCr0Mf1KiPopGM9NiFjiYBCbfaa2Fh6breQ6ANVTI0A==, registry: https://registry.npm.taobao.org/, tarball: https://registry.npmmirror.com/function-bind/-/function-bind-1.1.1.tgz}
    name: function-bind
    version: 1.1.1
    dev: true

  registry.npmmirror.com/graceful-fs/4.2.10:
    resolution: {integrity: sha512-9ByhssR2fPVsNZj478qUUbKfmL0+t5BDVyjShtyZZLiK7ZDAArFFfopyOTj0M05wE2tJPisA4iTnnXl2YoPvOA==, registry: https://registry.npm.taobao.org/, tarball: https://registry.npmmirror.com/graceful-fs/-/graceful-fs-4.2.10.tgz}
    name: graceful-fs
    version: 4.2.10
    dev: true

  registry.npmmirror.com/has/1.0.3:
    resolution: {integrity: sha512-f2dvO0VU6Oej7RkWJGrehjbzMAjFp5/VKPp5tTpWIV4JHHZK1/BxbFRtf/siA2SWTe09caDmVtYYzWEIbBS4zw==, registry: https://registry.npm.taobao.org/, tarball: https://registry.npmmirror.com/has/-/has-1.0.3.tgz}
    name: has
    version: 1.0.3
    engines: {node: '>= 0.4.0'}
    dependencies:
      function-bind: registry.npmmirror.com/function-bind/1.1.1
    dev: true

  registry.npmmirror.com/header-case/2.0.4:
    resolution: {integrity: sha512-H/vuk5TEEVZwrR0lp2zed9OCo1uAILMlx0JEMgC26rzyJJ3N1v6XkwHHXJQdR2doSjcGPM6OKPYoJgf0plJ11Q==, registry: https://registry.npm.taobao.org/, tarball: https://registry.npmmirror.com/header-case/-/header-case-2.0.4.tgz}
    name: header-case
    version: 2.0.4
    dependencies:
      capital-case: registry.npmmirror.com/capital-case/1.0.4
      tslib: registry.npmmirror.com/tslib/2.4.0
    dev: true

  registry.npmmirror.com/is-core-module/2.9.0:
    resolution: {integrity: sha512-+5FPy5PnwmO3lvfMb0AsoPaBG+5KHUI0wYFXOtYPnVVVspTFUuMZNfNaNVRt3FZadstu2c8x23vykRW/NBoU6A==, registry: https://registry.npm.taobao.org/, tarball: https://registry.npmmirror.com/is-core-module/-/is-core-module-2.9.0.tgz}
    name: is-core-module
    version: 2.9.0
    dependencies:
      has: registry.npmmirror.com/has/1.0.3
    dev: true

  registry.npmmirror.com/jsonfile/6.1.0:
    resolution: {integrity: sha512-5dgndWOriYSm5cnYaJNhalLNDKOqFwyDB/rr1E9ZsGciGvKPs8R2xYGCacuf3z6K1YKDz182fd+fY3cn3pMqXQ==, registry: https://registry.npm.taobao.org/, tarball: https://registry.npmmirror.com/jsonfile/-/jsonfile-6.1.0.tgz}
    name: jsonfile
    version: 6.1.0
    dependencies:
      universalify: registry.npmmirror.com/universalify/2.0.0
    optionalDependencies:
      graceful-fs: registry.npmmirror.com/graceful-fs/4.2.10
    dev: true

  registry.npmmirror.com/lower-case/2.0.2:
    resolution: {integrity: sha512-7fm3l3NAF9WfN6W3JOmf5drwpVqX78JtoGJ3A6W0a6ZnldM41w2fV5D490psKFTpMds8TJse/eHLFFsNHHjHgg==, registry: https://registry.npm.taobao.org/, tarball: https://registry.npmmirror.com/lower-case/-/lower-case-2.0.2.tgz}
    name: lower-case
    version: 2.0.2
    dependencies:
      tslib: registry.npmmirror.com/tslib/2.4.0
    dev: true

  registry.npmmirror.com/magic-string/0.25.9:
    resolution: {integrity: sha512-RmF0AsMzgt25qzqqLc1+MbHmhdx0ojF2Fvs4XnOqz2ZOBXzzkEwc/dJQZCYHAn7v1jbVOjAZfK8msRn4BxO4VQ==, registry: https://registry.npm.taobao.org/, tarball: https://registry.npmmirror.com/magic-string/-/magic-string-0.25.9.tgz}
    name: magic-string
    version: 0.25.9
    dependencies:
      sourcemap-codec: registry.npmmirror.com/sourcemap-codec/1.4.8

  registry.npmmirror.com/ms/2.1.2:
    resolution: {integrity: sha512-sGkPx+VjMtmA6MX27oA4FBFELFCZZ4S4XqeGOXCv68tT+jb3vk/RyaKWP0PTKyWtmLSM0b+adUTEvbs1PEaH2w==, registry: https://registry.npm.taobao.org/, tarball: https://registry.npmmirror.com/ms/-/ms-2.1.2.tgz}
    name: ms
    version: 2.1.2
    dev: true

  registry.npmmirror.com/nanoid/3.3.3:
    resolution: {integrity: sha512-p1sjXuopFs0xg+fPASzQ28agW1oHD7xDsd9Xkf3T15H3c/cifrFHVwrh74PdoklAPi+i7MdRsE47vm2r6JoB+w==, registry: https://registry.npm.taobao.org/, tarball: https://registry.npmmirror.com/nanoid/-/nanoid-3.3.3.tgz}
    name: nanoid
    version: 3.3.3
    engines: {node: ^10 || ^12 || ^13.7 || ^14 || >=15.0.1}
    hasBin: true

  registry.npmmirror.com/no-case/3.0.4:
    resolution: {integrity: sha512-fgAN3jGAh+RoxUGZHTSOLJIqUc2wmoBwGR4tbpNAKmmovFoWq0OdRkb0VkldReO2a2iBT/OEulG9XSUc10r3zg==, registry: https://registry.npm.taobao.org/, tarball: https://registry.npmmirror.com/no-case/-/no-case-3.0.4.tgz}
    name: no-case
    version: 3.0.4
    dependencies:
      lower-case: registry.npmmirror.com/lower-case/2.0.2
      tslib: registry.npmmirror.com/tslib/2.4.0
    dev: true

  registry.npmmirror.com/param-case/3.0.4:
    resolution: {integrity: sha512-RXlj7zCYokReqWpOPH9oYivUzLYZ5vAPIfEmCTNViosC78F8F0H9y7T7gG2M39ymgutxF5gcFEsyZQSph9Bp3A==, registry: https://registry.npm.taobao.org/, tarball: https://registry.npmmirror.com/param-case/-/param-case-3.0.4.tgz}
    name: param-case
    version: 3.0.4
    dependencies:
      dot-case: registry.npmmirror.com/dot-case/3.0.4
      tslib: registry.npmmirror.com/tslib/2.4.0
    dev: true

  registry.npmmirror.com/pascal-case/3.1.2:
    resolution: {integrity: sha512-uWlGT3YSnK9x3BQJaOdcZwrnV6hPpd8jFH1/ucpiLRPh/2zCVJKS19E4GvYHvaCcACn3foXZ0cLB9Wrx1KGe5g==, registry: https://registry.npm.taobao.org/, tarball: https://registry.npmmirror.com/pascal-case/-/pascal-case-3.1.2.tgz}
    name: pascal-case
    version: 3.1.2
    dependencies:
      no-case: registry.npmmirror.com/no-case/3.0.4
      tslib: registry.npmmirror.com/tslib/2.4.0
    dev: true

  registry.npmmirror.com/path-case/3.0.4:
    resolution: {integrity: sha512-qO4qCFjXqVTrcbPt/hQfhTQ+VhFsqNKOPtytgNKkKxSoEp3XPUQ8ObFuePylOIok5gjn69ry8XiULxCwot3Wfg==, registry: https://registry.npm.taobao.org/, tarball: https://registry.npmmirror.com/path-case/-/path-case-3.0.4.tgz}
    name: path-case
    version: 3.0.4
    dependencies:
      dot-case: registry.npmmirror.com/dot-case/3.0.4
      tslib: registry.npmmirror.com/tslib/2.4.0
    dev: true

  registry.npmmirror.com/path-parse/1.0.7:
    resolution: {integrity: sha512-LDJzPVEEEPR+y48z93A0Ed0yXb8pAByGWo/k5YYdYgpY2/2EsOsksJrq7lOHxryrVOn1ejG6oAp8ahvOIQD8sw==, registry: https://registry.npm.taobao.org/, tarball: https://registry.npmmirror.com/path-parse/-/path-parse-1.0.7.tgz}
    name: path-parse
    version: 1.0.7
    dev: true

  registry.npmmirror.com/picocolors/1.0.0:
    resolution: {integrity: sha512-1fygroTLlHu66zi26VoTDv8yRgm0Fccecssto+MhsZ0D/DGW2sm8E8AjW7NU5VVTRt5GxbeZ5qBuJr+HyLYkjQ==, registry: https://registry.npm.taobao.org/, tarball: https://registry.npmmirror.com/picocolors/-/picocolors-1.0.0.tgz}
    name: picocolors
    version: 1.0.0

  registry.npmmirror.com/picomatch/2.3.1:
    resolution: {integrity: sha512-JU3teHTNjmE2VCGFzuY8EXzCDVwEqB2a8fsIvwaStHhAWJEeVd1o1QD80CU6+ZdEXXSLbSsuLwJjkCBWqRQUVA==, registry: https://registry.npm.taobao.org/, tarball: https://registry.npmmirror.com/picomatch/-/picomatch-2.3.1.tgz}
    name: picomatch
    version: 2.3.1
    engines: {node: '>=8.6'}
    dev: true

  registry.npmmirror.com/postcss/8.4.12:
    resolution: {integrity: sha512-lg6eITwYe9v6Hr5CncVbK70SoioNQIq81nsaG86ev5hAidQvmOeETBqs7jm43K2F5/Ley3ytDtriImV6TpNiSg==, registry: https://registry.npm.taobao.org/, tarball: https://registry.npmmirror.com/postcss/-/postcss-8.4.12.tgz}
    name: postcss
    version: 8.4.12
    engines: {node: ^10 || ^12 || >=14}
    dependencies:
      nanoid: registry.npmmirror.com/nanoid/3.3.3
      picocolors: registry.npmmirror.com/picocolors/1.0.0
      source-map-js: registry.npmmirror.com/source-map-js/1.0.2

  registry.npmmirror.com/resolve/1.22.0:
    resolution: {integrity: sha512-Hhtrw0nLeSrFQ7phPp4OOcVjLPIeMnRlr5mcnVuMe7M/7eBn98A3hmFRLoFo3DLZkivSYwhRUJTyPyWAk56WLw==, registry: https://registry.npm.taobao.org/, tarball: https://registry.npmmirror.com/resolve/-/resolve-1.22.0.tgz}
    name: resolve
    version: 1.22.0
    hasBin: true
    dependencies:
      is-core-module: registry.npmmirror.com/is-core-module/2.9.0
      path-parse: registry.npmmirror.com/path-parse/1.0.7
      supports-preserve-symlinks-flag: registry.npmmirror.com/supports-preserve-symlinks-flag/1.0.0
    dev: true

  registry.npmmirror.com/rollup/2.70.2:
    resolution: {integrity: sha512-EitogNZnfku65I1DD5Mxe8JYRUCy0hkK5X84IlDtUs+O6JRMpRciXTzyCUuX11b5L5pvjH+OmFXiQ3XjabcXgg==, registry: https://registry.npm.taobao.org/, tarball: https://registry.npmmirror.com/rollup/-/rollup-2.70.2.tgz}
    name: rollup
    version: 2.70.2
    engines: {node: '>=10.0.0'}
    hasBin: true
    optionalDependencies:
      fsevents: registry.npmmirror.com/fsevents/2.3.2
    dev: true

  registry.npmmirror.com/sentence-case/3.0.4:
    resolution: {integrity: sha512-8LS0JInaQMCRoQ7YUytAo/xUu5W2XnQxV2HI/6uM6U7CITS1RqPElr30V6uIqyMKM9lJGRVFy5/4CuzcixNYSg==, registry: https://registry.npm.taobao.org/, tarball: https://registry.npmmirror.com/sentence-case/-/sentence-case-3.0.4.tgz}
    name: sentence-case
    version: 3.0.4
    dependencies:
      no-case: registry.npmmirror.com/no-case/3.0.4
      tslib: registry.npmmirror.com/tslib/2.4.0
      upper-case-first: registry.npmmirror.com/upper-case-first/2.0.2
    dev: true

  registry.npmmirror.com/snake-case/3.0.4:
    resolution: {integrity: sha512-LAOh4z89bGQvl9pFfNF8V146i7o7/CqFPbqzYgP+yYzDIDeS9HaNFtXABamRW+AQzEVODcvE79ljJ+8a9YSdMg==, registry: https://registry.npm.taobao.org/, tarball: https://registry.npmmirror.com/snake-case/-/snake-case-3.0.4.tgz}
    name: snake-case
    version: 3.0.4
    dependencies:
      dot-case: registry.npmmirror.com/dot-case/3.0.4
      tslib: registry.npmmirror.com/tslib/2.4.0
    dev: true

  registry.npmmirror.com/source-map-js/1.0.2:
    resolution: {integrity: sha512-R0XvVJ9WusLiqTCEiGCmICCMplcCkIwwR11mOSD9CR5u+IXYdiseeEuXCVAjS54zqwkLcPNnmU4OeJ6tUrWhDw==, registry: https://registry.npm.taobao.org/, tarball: https://registry.npmmirror.com/source-map-js/-/source-map-js-1.0.2.tgz}
    name: source-map-js
    version: 1.0.2
    engines: {node: '>=0.10.0'}

  registry.npmmirror.com/source-map/0.6.1:
    resolution: {integrity: sha512-UjgapumWlbMhkBgzT7Ykc5YXUT46F0iKu8SGXq0bcwP5dz/h0Plj6enJqjz1Zbq2l5WaqYnrVbwWOWMyF3F47g==, registry: https://registry.npm.taobao.org/, tarball: https://registry.npmmirror.com/source-map/-/source-map-0.6.1.tgz}
    name: source-map
    version: 0.6.1
    engines: {node: '>=0.10.0'}
    dev: false

  registry.npmmirror.com/sourcemap-codec/1.4.8:
    resolution: {integrity: sha512-9NykojV5Uih4lgo5So5dtw+f0JgJX30KCNI8gwhz2J9A15wD0Ml6tjHKwf6fTSa6fAdVBdZeNOs9eJ71qCk8vA==, registry: https://registry.npm.taobao.org/, tarball: https://registry.npmmirror.com/sourcemap-codec/-/sourcemap-codec-1.4.8.tgz}
    name: sourcemap-codec
    version: 1.4.8

  registry.npmmirror.com/supports-preserve-symlinks-flag/1.0.0:
    resolution: {integrity: sha512-ot0WnXS9fgdkgIcePe6RHNk1WA8+muPa6cSjeR3V8K27q9BB1rTE3R1p7Hv0z1ZyAc8s6Vvv8DIyWf681MAt0w==, registry: https://registry.npm.taobao.org/, tarball: https://registry.npmmirror.com/supports-preserve-symlinks-flag/-/supports-preserve-symlinks-flag-1.0.0.tgz}
    name: supports-preserve-symlinks-flag
    version: 1.0.0
    engines: {node: '>= 0.4'}
    dev: true

  registry.npmmirror.com/tslib/2.4.0:
    resolution: {integrity: sha512-d6xOpEDfsi2CZVlPQzGeux8XMwLT9hssAsaPYExaQMuYskwb+x1x7J371tWlbBdWHroy99KnVB6qIkUbs5X3UQ==, registry: https://registry.npm.taobao.org/, tarball: https://registry.npmmirror.com/tslib/-/tslib-2.4.0.tgz}
    name: tslib
    version: 2.4.0
    dev: true

  registry.npmmirror.com/universalify/2.0.0:
    resolution: {integrity: sha512-hAZsKq7Yy11Zu1DE0OzWjw7nnLZmJZYTDZZyEFHZdUhV8FkH5MCfoU1XMaxXovpyW5nq5scPqq0ZDP9Zyl04oQ==, registry: https://registry.npm.taobao.org/, tarball: https://registry.npmmirror.com/universalify/-/universalify-2.0.0.tgz}
    name: universalify
    version: 2.0.0
    engines: {node: '>= 10.0.0'}
    dev: true

  registry.npmmirror.com/upper-case-first/2.0.2:
    resolution: {integrity: sha512-514ppYHBaKwfJRK/pNC6c/OxfGa0obSnAl106u97Ed0I625Nin96KAjttZF6ZL3e1XLtphxnqrOi9iWgm+u+bg==, registry: https://registry.npm.taobao.org/, tarball: https://registry.npmmirror.com/upper-case-first/-/upper-case-first-2.0.2.tgz}
    name: upper-case-first
    version: 2.0.2
    dependencies:
      tslib: registry.npmmirror.com/tslib/2.4.0
    dev: true

  registry.npmmirror.com/upper-case/2.0.2:
    resolution: {integrity: sha512-KgdgDGJt2TpuwBUIjgG6lzw2GWFRCW9Qkfkiv0DxqHHLYJHmtmdUIKcZd8rHgFSjopVTlw6ggzCm1b8MFQwikg==, registry: https://registry.npm.taobao.org/, tarball: https://registry.npmmirror.com/upper-case/-/upper-case-2.0.2.tgz}
    name: upper-case
    version: 2.0.2
    dependencies:
      tslib: registry.npmmirror.com/tslib/2.4.0
    dev: true

  registry.npmmirror.com/vant/3.4.8_vue@3.2.33:
    resolution: {integrity: sha512-xPAiPdCiaZbcdbVplVh4N2lmYzDAr2UdadkUHoa9uwfHS9/dab4f8TigfCFzlfAEk53U1J6w+6qZ+whtt4T3hw==, registry: https://registry.npm.taobao.org/, tarball: https://registry.npmmirror.com/vant/-/vant-3.4.8.tgz}
    id: registry.npmmirror.com/vant/3.4.8
    name: vant
    version: 3.4.8
    peerDependencies:
      vue: ^3.0.0
    dependencies:
      '@vant/icons': registry.npmmirror.com/@vant/icons/1.8.0
      '@vant/popperjs': registry.npmmirror.com/@vant/popperjs/1.1.0
      '@vant/use': registry.npmmirror.com/@vant/use/1.3.6
      vue: registry.npmmirror.com/vue/3.2.33
    dev: false

  registry.npmmirror.com/vite-plugin-style-import/1.4.1_vite@2.9.6:
    resolution: {integrity: sha512-lJCRvm7+So0hHdnSJiJPg9gD5mxtL6YY0jmhEph+k7ArpsyvqOh6han2kG5htbWWDZxHkUN9d1BuTFL//yCLLQ==, registry: https://registry.npm.taobao.org/, tarball: https://registry.npmmirror.com/vite-plugin-style-import/-/vite-plugin-style-import-1.4.1.tgz}
    id: registry.npmmirror.com/vite-plugin-style-import/1.4.1
    name: vite-plugin-style-import
    version: 1.4.1
    peerDependencies:
      vite: '>=2.0.0'
    dependencies:
      '@rollup/pluginutils': registry.npmmirror.com/@rollup/pluginutils/4.2.1
      change-case: registry.npmmirror.com/change-case/4.1.2
      debug: registry.npmmirror.com/debug/4.3.4
      es-module-lexer: registry.npmmirror.com/es-module-lexer/0.9.3
      fs-extra: registry.npmmirror.com/fs-extra/10.1.0
      magic-string: registry.npmmirror.com/magic-string/0.25.9
      vite: registry.npmmirror.com/vite/2.9.6
    transitivePeerDependencies:
      - supports-color
    dev: true

  registry.npmmirror.com/vite/2.9.6:
    resolution: {integrity: sha512-3IffdrByHW95Yjv0a13TQOQfJs7L5dVlSPuTt432XLbRMriWbThqJN2k/IS6kXn5WY4xBLhK9XoaWay1B8VzUw==, registry: https://registry.npm.taobao.org/, tarball: https://registry.npmmirror.com/vite/-/vite-2.9.6.tgz}
    name: vite
    version: 2.9.6
    engines: {node: '>=12.2.0'}
    hasBin: true
    peerDependencies:
      less: '*'
      sass: '*'
      stylus: '*'
    peerDependenciesMeta:
      less:
        optional: true
      sass:
        optional: true
      stylus:
        optional: true
    dependencies:
      esbuild: registry.npmmirror.com/esbuild/0.14.38
      postcss: registry.npmmirror.com/postcss/8.4.12
      resolve: registry.npmmirror.com/resolve/1.22.0
      rollup: registry.npmmirror.com/rollup/2.70.2
    optionalDependencies:
      fsevents: registry.npmmirror.com/fsevents/2.3.2
    dev: true

  registry.npmmirror.com/vue-router/4.0.14_vue@3.2.33:
    resolution: {integrity: sha512-wAO6zF9zxA3u+7AkMPqw9LjoUCjSxfFvINQj3E/DceTt6uEz1XZLraDhdg2EYmvVwTBSGlLYsUw8bDmx0754Mw==, registry: https://registry.npm.taobao.org/, tarball: https://registry.npmmirror.com/vue-router/-/vue-router-4.0.14.tgz}
    id: registry.npmmirror.com/vue-router/4.0.14
    name: vue-router
    version: 4.0.14
    peerDependencies:
      vue: ^3.2.0
    dependencies:
      '@vue/devtools-api': registry.npmmirror.com/@vue/devtools-api/6.1.4
      vue: registry.npmmirror.com/vue/3.2.33
    dev: false

  registry.npmmirror.com/vue/3.2.33:
    resolution: {integrity: sha512-si1ExAlDUrLSIg/V7D/GgA4twJwfsfgG+t9w10z38HhL/HA07132pUQ2KuwAo8qbCyMJ9e6OqrmWrOCr+jW7ZQ==, registry: https://registry.npm.taobao.org/, tarball: https://registry.npmmirror.com/vue/-/vue-3.2.33.tgz}
    name: vue
    version: 3.2.33
    dependencies:
      '@vue/compiler-dom': registry.npmmirror.com/@vue/compiler-dom/3.2.33
      '@vue/compiler-sfc': registry.npmmirror.com/@vue/compiler-sfc/3.2.33
      '@vue/runtime-dom': registry.npmmirror.com/@vue/runtime-dom/3.2.33
      '@vue/server-renderer': registry.npmmirror.com/@vue/server-renderer/3.2.33_vue@3.2.33
      '@vue/shared': registry.npmmirror.com/@vue/shared/3.2.33
    dev: false
